github.com/davecgh/go-spew v1.1.1 h1:vj9j/u1bqnvCEfJOwUhtlOARqs3+rkHYY13jYWTU97c=
github.com/davecgh/go-spew v1.1.1/go.mod h1:J7Y8YcW2NihsgmVo/mv3lAwl/skON4iLHjSsI+c5H38=
github.com/perlin-network/life v0.0.0-20181215083421-28a99a6d79ec h1:5uRQe8l2fGeTQX5ouwdw7Wq/dBV1Ipjwi6fBsS8jKo4=
github.com/perlin-network/life v0.0.0-20181215083421-28a99a6d79ec/go.mod h1:fETv2DiCvuXiTsRHgPs2XQBvWqRGvnc59ZhCw9AtFA4=
github.com/perlin-network/wagon v0.3.1-0.20180825141017-f8cb99b55a39 h1:CYHXy6CWxxL7ugjvCbTELOm2j5iRLEWGPl3AQYvretw=
github.com/perlin-network/wagon v0.3.1-0.20180825141017-f8cb99b55a39/go.mod h1:zHOMvbitcZek8oshsMO5VpyBjWjV9X8cn8WTZwdebpM=
github.com/pmezard/go-difflib v1.0.0 h1:4DBwDE0NGyQoBHbLQYPwSUPoCMWR5BEzIk/f1lZbAQM=
github.com/pmezard/go-difflib v1.0.0/go.mod h1:iKH77koFhYxTK1pcRnkKkqfTogsbg7gZNVY4sRDYZ/4=
github.com/radding/arborgo v0.0.0-20190105001455-bab40f0779a8 h1:lAJZOJwwhkiI9XawZ3Mnh7j8xywwJavzHVvTXEeucIs=
github.com/stretchr/testify v1.2.2 h1:bSDNvY7ZPG5RlJ8otE/7V6gMiyenm9RtJ7IUVIAoJ1w=
github.com/stretchr/testify v1.2.2/go.mod h1:a8OnRcib4nhh0OaRAV+Yts87kKdq0PP7pXfy6kDkUVs=
github.com/urfave/cli v1.20.0 h1:fDqGv3UG/4jbVl/QkFwEdddtEDjh/5Ov6X+0B/3bPaw=
github.com/urfave/cli v1.20.0/go.mod h1:70zkFmudgCuE/ngEzBv17Jvp/497gISqfk5gWijbERA=
golang.org/x/tools v0.0.0-20180917221912-90fa682c2a6e/go.mod h1:n7NCudcB/nEzxVGmLbDWY5pfWTLqBcC2KZ6jyYvM4mQ=
